
Microsoft Visual Studio Solution File, Format Version 12.00
# Visual Studio Version 16
VisualStudioVersion = 16.0.30011.22
MinimumVisualStudioVersion = 10.0.40219.1
Project("{9A19103F-16F7-4668-BE54-9A1E7A4F7556}") = "PromotionEngine", "PromotionEngine\PromotionEngine.csproj", "{DC75E7AF-EB83-419A-99AF-90408F9C097B}"
EndProject
Project("{FAE04EC0-301F-11D3-BF4B-00C04F79EFBC}") = "PromotionEngine.Test", "PromotionEngine.Test\PromotionEngine.Test.csproj", "{468C206C-D092-4184-B424-3B4086407CE6}"
EndProject
Global
	GlobalSection(SolutionConfigurationPlatforms) = preSolution
		Debug|Any CPU = Debug|Any CPU
		Release|Any CPU = Release|Any CPU
	EndGlobalSection
	GlobalSection(ProjectConfigurationPlatforms) = postSolution
		{DC75E7AF-EB83-419A-99AF-90408F9C097B}.Debug|Any CPU.ActiveCfg = Debug|Any CPU
		{DC75E7AF-EB83-419A-99AF-90408F9C097B}.Debug|Any CPU.Build.0 = Debug|Any CPU
		{DC75E7AF-EB83-419A-99AF-90408F9C097B}.Release|Any CPU.ActiveCfg = Release|Any CPU
		{DC75E7AF-EB83-419A-99AF-90408F9C097B}.Release|Any CPU.Build.0 = Release|Any CPU
		{468C206C-D092-4184-B424-3B4086407CE6}.Debug|Any CPU.ActiveCfg = Debug|Any CPU
		{468C206C-D092-4184-B424-3B4086407CE6}.Debug|Any CPU.Build.0 = Debug|Any CPU
		{468C206C-D092-4184-B424-3B4086407CE6}.Release|Any CPU.ActiveCfg = Release|Any CPU
		{468C206C-D092-4184-B424-3B4086407CE6}.Release|Any CPU.Build.0 = Release|Any CPU
	EndGlobalSection
	GlobalSection(SolutionProperties) = preSolution
		HideSolutionNode = FALSE
	EndGlobalSection
	GlobalSection(ExtensibilityGlobals) = postSolution
		SolutionGuid = {C5B26080-ACB2-439A-8444-E6634049A256}
	EndGlobalSection
EndGlobal
